
Microsoft Visual Studio Solution File, Format Version 12.00
# Visual Studio Version 16
VisualStudioVersion = 16.0.31205.134
MinimumVisualStudioVersion = 10.0.40219.1
Project("{FAE04EC0-301F-11D3-BF4B-00C04F79EFBC}") = "Lotto", "Lotto\Lotto.csproj", "{FA105D32-731A-4C7C-952A-6CF4BDD57DCC}"
EndProject
Global
	GlobalSection(SolutionConfigurationPlatforms) = preSolution
		Debug|Any CPU = Debug|Any CPU
		Release|Any CPU = Release|Any CPU
	EndGlobalSection
	GlobalSection(ProjectConfigurationPlatforms) = postSolution
		{FA105D32-731A-4C7C-952A-6CF4BDD57DCC}.Debug|Any CPU.ActiveCfg = Debug|Any CPU
		{FA105D32-731A-4C7C-952A-6CF4BDD57DCC}.Debug|Any CPU.Build.0 = Debug|Any CPU
		{FA105D32-731A-4C7C-952A-6CF4BDD57DCC}.Release|Any CPU.ActiveCfg = Release|Any CPU
		{FA105D32-731A-4C7C-952A-6CF4BDD57DCC}.Release|Any CPU.Build.0 = Release|Any CPU
	EndGlobalSection
	GlobalSection(SolutionProperties) = preSolution
		HideSolutionNode = FALSE
	EndGlobalSection
	GlobalSection(ExtensibilityGlobals) = postSolution
		SolutionGuid = {56DB3099-3BB3-4213-9392-8DD0B2FB1ECB}
	EndGlobalSection
EndGlobal
