
Microsoft Visual Studio Solution File, Format Version 12.00
# Visual Studio Version 16
VisualStudioVersion = 16.0.31205.134
MinimumVisualStudioVersion = 10.0.40219.1
Project("{FAE04EC0-301F-11D3-BF4B-00C04F79EFBC}") = "GuessFourNum", "GuessFourNum\GuessFourNum.csproj", "{98680083-4659-48A6-A6BD-1CA9B02B3C16}"
EndProject
Global
	GlobalSection(SolutionConfigurationPlatforms) = preSolution
		Debug|Any CPU = Debug|Any CPU
		Release|Any CPU = Release|Any CPU
	EndGlobalSection
	GlobalSection(ProjectConfigurationPlatforms) = postSolution
		{98680083-4659-48A6-A6BD-1CA9B02B3C16}.Debug|Any CPU.ActiveCfg = Debug|Any CPU
		{98680083-4659-48A6-A6BD-1CA9B02B3C16}.Debug|Any CPU.Build.0 = Debug|Any CPU
		{98680083-4659-48A6-A6BD-1CA9B02B3C16}.Release|Any CPU.ActiveCfg = Release|Any CPU
		{98680083-4659-48A6-A6BD-1CA9B02B3C16}.Release|Any CPU.Build.0 = Release|Any CPU
	EndGlobalSection
	GlobalSection(SolutionProperties) = preSolution
		HideSolutionNode = FALSE
	EndGlobalSection
	GlobalSection(ExtensibilityGlobals) = postSolution
		SolutionGuid = {34D364C3-3579-48F9-AC10-8647CA8BAAC7}
	EndGlobalSection
EndGlobal
